
Microsoft Visual Studio Solution File, Format Version 12.00
# Visual Studio Version 17
VisualStudioVersion = 17.0.31903.59
MinimumVisualStudioVersion = 10.0.40219.1
Project("{2150E333-8FDC-42A3-9474-1A3956D46DE8}") = "src", "src", "{827E0CD3-B72D-47B6-A68D-7590B98EB39B}"
EndProject
Project("{FAE04EC0-301F-11D3-BF4B-00C04F79EFBC}") = "ContentDeliveryStudio.App", "src\ContentDeliveryStudio.App\ContentDeliveryStudio.App.csproj", "{5B8B4D28-7EEE-4005-B891-5FD2FE118B9E}"
EndProject
Project("{FAE04EC0-301F-11D3-BF4B-00C04F79EFBC}") = "ContentDeliveryStudio.Core", "src\ContentDeliveryStudio.Core\ContentDeliveryStudio.Core.csproj", "{C4441602-9B3E-4601-AD7F-1050971A18C3}"
EndProject
Project("{FAE04EC0-301F-11D3-BF4B-00C04F79EFBC}") = "ContentDeliveryStudio.Infrastructure", "src\ContentDeliveryStudio.Infrastructure\ContentDeliveryStudio.Infrastructure.csproj", "{FCA18598-7E95-4A64-9BFE-BE34AB81425C}"
EndProject
Project("{2150E333-8FDC-42A3-9474-1A3956D46DE8}") = "tests", "tests", "{0AB3BF05-4346-4AA6-1389-037BE0695223}"
EndProject
Project("{FAE04EC0-301F-11D3-BF4B-00C04F79EFBC}") = "ContentDeliveryStudio.Tests", "tests\ContentDeliveryStudio.Tests\ContentDeliveryStudio.Tests.csproj", "{6A4E5E6D-6350-405A-A836-FCC78128FC4C}"
EndProject
Project("{FAE04EC0-301F-11D3-BF4B-00C04F79EFBC}") = "ContentDeliveryStudio.Application", "src\ContentDeliveryStudio.Application\ContentDeliveryStudio.Application.csproj", "{D3BE2378-2AE3-4A8B-921F-7E310536AD82}"
EndProject
Global
	GlobalSection(SolutionConfigurationPlatforms) = preSolution
		Debug|Any CPU = Debug|Any CPU
		Debug|x64 = Debug|x64
		Debug|x86 = Debug|x86
		Release|Any CPU = Release|Any CPU
		Release|x64 = Release|x64
		Release|x86 = Release|x86
	EndGlobalSection
	GlobalSection(ProjectConfigurationPlatforms) = postSolution
		{5B8B4D28-7EEE-4005-B891-5FD2FE118B9E}.Debug|Any CPU.ActiveCfg = Debug|Any CPU
		{5B8B4D28-7EEE-4005-B891-5FD2FE118B9E}.Debug|Any CPU.Build.0 = Debug|Any CPU
		{5B8B4D28-7EEE-4005-B891-5FD2FE118B9E}.Debug|x64.ActiveCfg = Debug|Any CPU
		{5B8B4D28-7EEE-4005-B891-5FD2FE118B9E}.Debug|x64.Build.0 = Debug|Any CPU
		{5B8B4D28-7EEE-4005-B891-5FD2FE118B9E}.Debug|x86.ActiveCfg = Debug|Any CPU
		{5B8B4D28-7EEE-4005-B891-5FD2FE118B9E}.Debug|x86.Build.0 = Debug|Any CPU
		{5B8B4D28-7EEE-4005-B891-5FD2FE118B9E}.Release|Any CPU.ActiveCfg = Release|Any CPU
		{5B8B4D28-7EEE-4005-B891-5FD2FE118B9E}.Release|Any CPU.Build.0 = Release|Any CPU
		{5B8B4D28-7EEE-4005-B891-5FD2FE118B9E}.Release|x64.ActiveCfg = Release|Any CPU
		{5B8B4D28-7EEE-4005-B891-5FD2FE118B9E}.Release|x64.Build.0 = Release|Any CPU
		{5B8B4D28-7EEE-4005-B891-5FD2FE118B9E}.Release|x86.ActiveCfg = Release|Any CPU
		{5B8B4D28-7EEE-4005-B891-5FD2FE118B9E}.Release|x86.Build.0 = Release|Any CPU
		{C4441602-9B3E-4601-AD7F-1050971A18C3}.Debug|Any CPU.ActiveCfg = Debug|Any CPU
		{C4441602-9B3E-4601-AD7F-1050971A18C3}.Debug|Any CPU.Build.0 = Debug|Any CPU
		{C4441602-9B3E-4601-AD7F-1050971A18C3}.Debug|x64.ActiveCfg = Debug|Any CPU
		{C4441602-9B3E-4601-AD7F-1050971A18C3}.Debug|x64.Build.0 = Debug|Any CPU
		{C4441602-9B3E-4601-AD7F-1050971A18C3}.Debug|x86.ActiveCfg = Debug|Any CPU
		{C4441602-9B3E-4601-AD7F-1050971A18C3}.Debug|x86.Build.0 = Debug|Any CPU
		{C4441602-9B3E-4601-AD7F-1050971A18C3}.Release|Any CPU.ActiveCfg = Release|Any CPU
		{C4441602-9B3E-4601-AD7F-1050971A18C3}.Release|Any CPU.Build.0 = Release|Any CPU
		{C4441602-9B3E-4601-AD7F-1050971A18C3}.Release|x64.ActiveCfg = Release|Any CPU
		{C4441602-9B3E-4601-AD7F-1050971A18C3}.Release|x64.Build.0 = Release|Any CPU
		{C4441602-9B3E-4601-AD7F-1050971A18C3}.Release|x86.ActiveCfg = Release|Any CPU
		{C4441602-9B3E-4601-AD7F-1050971A18C3}.Release|x86.Build.0 = Release|Any CPU
		{FCA18598-7E95-4A64-9BFE-BE34AB81425C}.Debug|Any CPU.ActiveCfg = Debug|Any CPU
		{FCA18598-7E95-4A64-9BFE-BE34AB81425C}.Debug|Any CPU.Build.0 = Debug|Any CPU
		{FCA18598-7E95-4A64-9BFE-BE34AB81425C}.Debug|x64.ActiveCfg = Debug|Any CPU
		{FCA18598-7E95-4A64-9BFE-BE34AB81425C}.Debug|x64.Build.0 = Debug|Any CPU
		{FCA18598-7E95-4A64-9BFE-BE34AB81425C}.Debug|x86.ActiveCfg = Debug|Any CPU
		{FCA18598-7E95-4A64-9BFE-BE34AB81425C}.Debug|x86.Build.0 = Debug|Any CPU
		{FCA18598-7E95-4A64-9BFE-BE34AB81425C}.Release|Any CPU.ActiveCfg = Release|Any CPU
		{FCA18598-7E95-4A64-9BFE-BE34AB81425C}.Release|Any CPU.Build.0 = Release|Any CPU
		{FCA18598-7E95-4A64-9BFE-BE34AB81425C}.Release|x64.ActiveCfg = Release|Any CPU
		{FCA18598-7E95-4A64-9BFE-BE34AB81425C}.Release|x64.Build.0 = Release|Any CPU
		{FCA18598-7E95-4A64-9BFE-BE34AB81425C}.Release|x86.ActiveCfg = Release|Any CPU
		{FCA18598-7E95-4A64-9BFE-BE34AB81425C}.Release|x86.Build.0 = Release|Any CPU
		{6A4E5E6D-6350-405A-A836-FCC78128FC4C}.Debug|Any CPU.ActiveCfg = Debug|Any CPU
		{6A4E5E6D-6350-405A-A836-FCC78128FC4C}.Debug|Any CPU.Build.0 = Debug|Any CPU
		{6A4E5E6D-6350-405A-A836-FCC78128FC4C}.Debug|x64.ActiveCfg = Debug|Any CPU
		{6A4E5E6D-6350-405A-A836-FCC78128FC4C}.Debug|x64.Build.0 = Debug|Any CPU
		{6A4E5E6D-6350-405A-A836-FCC78128FC4C}.Debug|x86.ActiveCfg = Debug|Any CPU
		{6A4E5E6D-6350-405A-A836-FCC78128FC4C}.Debug|x86.Build.0 = Debug|Any CPU
		{6A4E5E6D-6350-405A-A836-FCC78128FC4C}.Release|Any CPU.ActiveCfg = Release|Any CPU
		{6A4E5E6D-6350-405A-A836-FCC78128FC4C}.Release|Any CPU.Build.0 = Release|Any CPU
		{6A4E5E6D-6350-405A-A836-FCC78128FC4C}.Release|x64.ActiveCfg = Release|Any CPU
		{6A4E5E6D-6350-405A-A836-FCC78128FC4C}.Release|x64.Build.0 = Release|Any CPU
		{6A4E5E6D-6350-405A-A836-FCC78128FC4C}.Release|x86.ActiveCfg = Release|Any CPU
		{6A4E5E6D-6350-405A-A836-FCC78128FC4C}.Release|x86.Build.0 = Release|Any CPU
		{D3BE2378-2AE3-4A8B-921F-7E310536AD82}.Debug|Any CPU.ActiveCfg = Debug|Any CPU
		{D3BE2378-2AE3-4A8B-921F-7E310536AD82}.Debug|Any CPU.Build.0 = Debug|Any CPU
		{D3BE2378-2AE3-4A8B-921F-7E310536AD82}.Debug|x64.ActiveCfg = Debug|Any CPU
		{D3BE2378-2AE3-4A8B-921F-7E310536AD82}.Debug|x64.Build.0 = Debug|Any CPU
		{D3BE2378-2AE3-4A8B-921F-7E310536AD82}.Debug|x86.ActiveCfg = Debug|Any CPU
		{D3BE2378-2AE3-4A8B-921F-7E310536AD82}.Debug|x86.Build.0 = Debug|Any CPU
		{D3BE2378-2AE3-4A8B-921F-7E310536AD82}.Release|Any CPU.ActiveCfg = Release|Any CPU
		{D3BE2378-2AE3-4A8B-921F-7E310536AD82}.Release|Any CPU.Build.0 = Release|Any CPU
		{D3BE2378-2AE3-4A8B-921F-7E310536AD82}.Release|x64.ActiveCfg = Release|Any CPU
		{D3BE2378-2AE3-4A8B-921F-7E310536AD82}.Release|x64.Build.0 = Release|Any CPU
		{D3BE2378-2AE3-4A8B-921F-7E310536AD82}.Release|x86.ActiveCfg = Release|Any CPU
		{D3BE2378-2AE3-4A8B-921F-7E310536AD82}.Release|x86.Build.0 = Release|Any CPU
	EndGlobalSection
	GlobalSection(SolutionProperties) = preSolution
		HideSolutionNode = FALSE
	EndGlobalSection
	GlobalSection(NestedProjects) = preSolution
		{5B8B4D28-7EEE-4005-B891-5FD2FE118B9E} = {827E0CD3-B72D-47B6-A68D-7590B98EB39B}
		{C4441602-9B3E-4601-AD7F-1050971A18C3} = {827E0CD3-B72D-47B6-A68D-7590B98EB39B}
		{FCA18598-7E95-4A64-9BFE-BE34AB81425C} = {827E0CD3-B72D-47B6-A68D-7590B98EB39B}
		{6A4E5E6D-6350-405A-A836-FCC78128FC4C} = {0AB3BF05-4346-4AA6-1389-037BE0695223}
		{D3BE2378-2AE3-4A8B-921F-7E310536AD82} = {827E0CD3-B72D-47B6-A68D-7590B98EB39B}
	EndGlobalSection
EndGlobal
